{
  "name": "awesome-smile-3d",
  "version": "1.0.0",
  "lockfileVersion": 1,
  "requires": true,
  "dependencies": {
    "dat.gui": {
      "version": "github:dataarts/dat.gui#979f2fc39dbe89af561094a158c906ee9c047886",
      "from": "github:dataarts/dat.gui"
    },
    "speck-renderer": {
      "version": "0.0.8",
      "resolved": "https://registry.npmjs.org/speck-renderer/-/speck-renderer-0.0.8.tgz",
      "integrity": "sha512-0w8pir6+CuZuAU/16Lmg85bMnTsOQHDmof8+P3d3uhW5EdbU5hjtOrk53L6yWrd+JhFmTh2Rta173+YFNo+WBQ==",
      "requires": {
        "dat.gui": "github:dataarts/dat.gui#979f2fc39dbe89af561094a158c906ee9c047886"
      }
    }
  }
}
